
Microsoft Visual Studio Solution File, Format Version 12.00
# Visual Studio 15
VisualStudioVersion = 15.0.28010.2026
MinimumVisualStudioVersion = 10.0.40219.1
Project("{FAE04EC0-301F-11D3-BF4B-00C04F79EFBC}") = "Lab16", "Lab16\Lab16.csproj", "{02FEA29C-4CCD-47CC-9BB6-D270C8D5A848}"
EndProject
Global
	GlobalSection(SolutionConfigurationPlatforms) = preSolution
		Debug|Any CPU = Debug|Any CPU
		Release|Any CPU = Release|Any CPU
	EndGlobalSection
	GlobalSection(ProjectConfigurationPlatforms) = postSolution
		{02FEA29C-4CCD-47CC-9BB6-D270C8D5A848}.Debug|Any CPU.ActiveCfg = Debug|Any CPU
		{02FEA29C-4CCD-47CC-9BB6-D270C8D5A848}.Debug|Any CPU.Build.0 = Debug|Any CPU
		{02FEA29C-4CCD-47CC-9BB6-D270C8D5A848}.Release|Any CPU.ActiveCfg = Release|Any CPU
		{02FEA29C-4CCD-47CC-9BB6-D270C8D5A848}.Release|Any CPU.Build.0 = Release|Any CPU
	EndGlobalSection
	GlobalSection(SolutionProperties) = preSolution
		HideSolutionNode = FALSE
	EndGlobalSection
	GlobalSection(ExtensibilityGlobals) = postSolution
		SolutionGuid = {26CBA78F-1628-477E-A6FA-D8060C742EA2}
	EndGlobalSection
EndGlobal
